
Microsoft Visual Studio Solution File, Format Version 12.00
# Visual Studio Version 16
VisualStudioVersion = 16.0.31729.503
MinimumVisualStudioVersion = 10.0.40219.1
Project("{FAE04EC0-301F-11D3-BF4B-00C04F79EFBC}") = "PersonMaker", "PersonMaker\PersonMaker.csproj", "{7EC5CC20-24BD-4972-81E5-5400AD8DDDE2}"
EndProject
Global
	GlobalSection(SolutionConfigurationPlatforms) = preSolution
		Debug|Any CPU = Debug|Any CPU
		Release|Any CPU = Release|Any CPU
	EndGlobalSection
	GlobalSection(ProjectConfigurationPlatforms) = postSolution
		{7EC5CC20-24BD-4972-81E5-5400AD8DDDE2}.Debug|Any CPU.ActiveCfg = Debug|Any CPU
		{7EC5CC20-24BD-4972-81E5-5400AD8DDDE2}.Debug|Any CPU.Build.0 = Debug|Any CPU
		{7EC5CC20-24BD-4972-81E5-5400AD8DDDE2}.Release|Any CPU.ActiveCfg = Release|Any CPU
		{7EC5CC20-24BD-4972-81E5-5400AD8DDDE2}.Release|Any CPU.Build.0 = Release|Any CPU
	EndGlobalSection
	GlobalSection(SolutionProperties) = preSolution
		HideSolutionNode = FALSE
	EndGlobalSection
	GlobalSection(ExtensibilityGlobals) = postSolution
		SolutionGuid = {3F343B5E-2598-4BCF-893C-CC7D5E3926E8}
	EndGlobalSection
EndGlobal
